
Microsoft Visual Studio Solution File, Format Version 12.00
# Visual Studio 2013
VisualStudioVersion = 12.0.21005.1
MinimumVisualStudioVersion = 10.0.40219.1
Project("{8BC9CEB8-8B4A-11D0-8D11-00A0C91BC942}") = "Server", "Server\Server.vcxproj", "{9C519A6A-7365-4339-B556-77F47A01E738}"
EndProject
Project("{8BC9CEB8-8B4A-11D0-8D11-00A0C91BC942}") = "Client", "Client\Client.vcxproj", "{164E344E-ED7F-4429-A7B8-0DEFDB732082}"
EndProject
Global
	GlobalSection(SolutionConfigurationPlatforms) = preSolution
		Debug|Win32 = Debug|Win32
		Release|Win32 = Release|Win32
	EndGlobalSection
	GlobalSection(ProjectConfigurationPlatforms) = postSolution
		{9C519A6A-7365-4339-B556-77F47A01E738}.Debug|Win32.ActiveCfg = Debug|Win32
		{9C519A6A-7365-4339-B556-77F47A01E738}.Debug|Win32.Build.0 = Debug|Win32
		{9C519A6A-7365-4339-B556-77F47A01E738}.Release|Win32.ActiveCfg = Release|Win32
		{9C519A6A-7365-4339-B556-77F47A01E738}.Release|Win32.Build.0 = Release|Win32
		{164E344E-ED7F-4429-A7B8-0DEFDB732082}.Debug|Win32.ActiveCfg = Debug|Win32
		{164E344E-ED7F-4429-A7B8-0DEFDB732082}.Debug|Win32.Build.0 = Debug|Win32
		{164E344E-ED7F-4429-A7B8-0DEFDB732082}.Release|Win32.ActiveCfg = Release|Win32
		{164E344E-ED7F-4429-A7B8-0DEFDB732082}.Release|Win32.Build.0 = Release|Win32
	EndGlobalSection
	GlobalSection(SolutionProperties) = preSolution
		HideSolutionNode = FALSE
	EndGlobalSection
EndGlobal
